
Microsoft Visual Studio Solution File, Format Version 12.00
# Visual Studio 2012
Project("{FAE04EC0-301F-11D3-BF4B-00C04F79EFBC}") = "SuperLightGeneticAlgoLib", "SuperLightGeneticAlgoLib\SuperLightGeneticAlgoLib.csproj", "{B2834492-0BCA-420F-A495-EA83AC432F35}"
EndProject
Project("{FAE04EC0-301F-11D3-BF4B-00C04F79EFBC}") = "SimpleExample", "SimpleExample\SimpleExample.csproj", "{2637E861-754C-46C1-92E1-6522E0DC8107}"
EndProject
Global
	GlobalSection(SolutionConfigurationPlatforms) = preSolution
		Debug|Any CPU = Debug|Any CPU
		Release|Any CPU = Release|Any CPU
	EndGlobalSection
	GlobalSection(ProjectConfigurationPlatforms) = postSolution
		{B2834492-0BCA-420F-A495-EA83AC432F35}.Debug|Any CPU.ActiveCfg = Debug|Any CPU
		{B2834492-0BCA-420F-A495-EA83AC432F35}.Debug|Any CPU.Build.0 = Debug|Any CPU
		{B2834492-0BCA-420F-A495-EA83AC432F35}.Release|Any CPU.ActiveCfg = Release|Any CPU
		{B2834492-0BCA-420F-A495-EA83AC432F35}.Release|Any CPU.Build.0 = Release|Any CPU
		{2637E861-754C-46C1-92E1-6522E0DC8107}.Debug|Any CPU.ActiveCfg = Debug|Any CPU
		{2637E861-754C-46C1-92E1-6522E0DC8107}.Debug|Any CPU.Build.0 = Debug|Any CPU
		{2637E861-754C-46C1-92E1-6522E0DC8107}.Release|Any CPU.ActiveCfg = Release|Any CPU
		{2637E861-754C-46C1-92E1-6522E0DC8107}.Release|Any CPU.Build.0 = Release|Any CPU
	EndGlobalSection
EndGlobal
